
Microsoft Visual Studio Solution File, Format Version 12.00
# Visual Studio Version 17
VisualStudioVersion = 17.3.32825.248
MinimumVisualStudioVersion = 10.0.40219.1
Project("{9A19103F-16F7-4668-BE54-9A1E7A4F7556}") = "Servicify.API", "Servicify.API\Servicify.API.csproj", "{56D6CD97-28A4-4E2B-9683-ED281E62D1AA}"
EndProject
Project("{9A19103F-16F7-4668-BE54-9A1E7A4F7556}") = "Servicify.Data", "ServicifyDB\Servicify.Data.csproj", "{90F8E53F-5EA3-4C91-B187-25ADDC634D59}"
EndProject
Global
	GlobalSection(SolutionConfigurationPlatforms) = preSolution
		Debug|Any CPU = Debug|Any CPU
		Release|Any CPU = Release|Any CPU
	EndGlobalSection
	GlobalSection(ProjectConfigurationPlatforms) = postSolution
		{56D6CD97-28A4-4E2B-9683-ED281E62D1AA}.Debug|Any CPU.ActiveCfg = Debug|Any CPU
		{56D6CD97-28A4-4E2B-9683-ED281E62D1AA}.Debug|Any CPU.Build.0 = Debug|Any CPU
		{56D6CD97-28A4-4E2B-9683-ED281E62D1AA}.Release|Any CPU.ActiveCfg = Release|Any CPU
		{56D6CD97-28A4-4E2B-9683-ED281E62D1AA}.Release|Any CPU.Build.0 = Release|Any CPU
		{90F8E53F-5EA3-4C91-B187-25ADDC634D59}.Debug|Any CPU.ActiveCfg = Debug|Any CPU
		{90F8E53F-5EA3-4C91-B187-25ADDC634D59}.Debug|Any CPU.Build.0 = Debug|Any CPU
		{90F8E53F-5EA3-4C91-B187-25ADDC634D59}.Release|Any CPU.ActiveCfg = Release|Any CPU
		{90F8E53F-5EA3-4C91-B187-25ADDC634D59}.Release|Any CPU.Build.0 = Release|Any CPU
	EndGlobalSection
	GlobalSection(SolutionProperties) = preSolution
		HideSolutionNode = FALSE
	EndGlobalSection
	GlobalSection(ExtensibilityGlobals) = postSolution
		SolutionGuid = {E3266F7D-FF74-4FFF-A646-DB107711839D}
	EndGlobalSection
EndGlobal
