
Microsoft Visual Studio Solution File, Format Version 12.00
# Visual Studio Version 17
VisualStudioVersion = 17.3.32825.248
MinimumVisualStudioVersion = 10.0.40219.1
Project("{FAE04EC0-301F-11D3-BF4B-00C04F79EFBC}") = "Servicify.API", "Servicify.API\Servicify.API.csproj", "{56D6CD97-28A4-4E2B-9683-ED281E62D1AA}"
EndProject
Global
	GlobalSection(SolutionConfigurationPlatforms) = preSolution
		Debug|Any CPU = Debug|Any CPU
		Release|Any CPU = Release|Any CPU
	EndGlobalSection
	GlobalSection(ProjectConfigurationPlatforms) = postSolution
		{56D6CD97-28A4-4E2B-9683-ED281E62D1AA}.Debug|Any CPU.ActiveCfg = Debug|Any CPU
		{56D6CD97-28A4-4E2B-9683-ED281E62D1AA}.Debug|Any CPU.Build.0 = Debug|Any CPU
		{56D6CD97-28A4-4E2B-9683-ED281E62D1AA}.Release|Any CPU.ActiveCfg = Release|Any CPU
		{56D6CD97-28A4-4E2B-9683-ED281E62D1AA}.Release|Any CPU.Build.0 = Release|Any CPU
	EndGlobalSection
	GlobalSection(SolutionProperties) = preSolution
		HideSolutionNode = FALSE
	EndGlobalSection
	GlobalSection(ExtensibilityGlobals) = postSolution
		SolutionGuid = {E3266F7D-FF74-4FFF-A646-DB107711839D}
	EndGlobalSection
EndGlobal
